
Microsoft Visual Studio Solution File, Format Version 12.00
# Visual Studio Version 16
VisualStudioVersion = 16.0.31019.35
MinimumVisualStudioVersion = 10.0.40219.1
Project("{FAE04EC0-301F-11D3-BF4B-00C04F79EFBC}") = "EntityFrameworkTut", "EntityFrameworkTut\EntityFrameworkTut.csproj", "{7512BB46-E233-4F5C-9808-2DB41E0A1C7F}"
EndProject
Global
	GlobalSection(SolutionConfigurationPlatforms) = preSolution
		Debug|Any CPU = Debug|Any CPU
		Release|Any CPU = Release|Any CPU
	EndGlobalSection
	GlobalSection(ProjectConfigurationPlatforms) = postSolution
		{7512BB46-E233-4F5C-9808-2DB41E0A1C7F}.Debug|Any CPU.ActiveCfg = Debug|Any CPU
		{7512BB46-E233-4F5C-9808-2DB41E0A1C7F}.Debug|Any CPU.Build.0 = Debug|Any CPU
		{7512BB46-E233-4F5C-9808-2DB41E0A1C7F}.Release|Any CPU.ActiveCfg = Release|Any CPU
		{7512BB46-E233-4F5C-9808-2DB41E0A1C7F}.Release|Any CPU.Build.0 = Release|Any CPU
	EndGlobalSection
	GlobalSection(SolutionProperties) = preSolution
		HideSolutionNode = FALSE
	EndGlobalSection
	GlobalSection(ExtensibilityGlobals) = postSolution
		SolutionGuid = {2910735C-3AF6-445F-B2A8-48503BE926D7}
	EndGlobalSection
EndGlobal
